// !$*UTF8*$!
{
	archiveVersion = 1;
	classes = {
	};
	objectVersion = 56;
	objects = {

/* Begin PBXBuildFile section */
		C28BA8CD29FAE97100DF3B57 /* Battery_MonitorApp.swift in Sources */ = {isa = PBXBuildFile; fileRef = C28BA8CC29FAE97100DF3B57 /* Battery_MonitorApp.swift */; };
		C28BA8CF29FAE97100DF3B57 /* ContentView.swift in Sources */ = {isa = PBXBuildFile; fileRef = C28BA8CE29FAE97100DF3B57 /* ContentView.swift */; };
		C28BA8D129FAE97500DF3B57 /* Assets.xcassets in Resources */ = {isa = PBXBuildFile; fileRef = C28BA8D029FAE97500DF3B57 /* Assets.xcassets */; };
		C28BA8D429FAE97500DF3B57 /* Preview Assets.xcassets in Resources */ = {isa = PBXBuildFile; fileRef = C28BA8D329FAE97500DF3B57 /* Preview Assets.xcassets */; };
		C28BA8DE29FAE97600DF3B57 /* Battery_MonitorTests.swift in Sources */ = {isa = PBXBuildFile; fileRef = C28BA8DD29FAE97600DF3B57 /* Battery_MonitorTests.swift */; };
		C28BA8E829FAE97600DF3B57 /* Battery_MonitorUITests.swift in Sources */ = {isa = PBXBuildFile; fileRef = C28BA8E729FAE97600DF3B57 /* Battery_MonitorUITests.swift */; };
		C28BA8EA29FAE97600DF3B57 /* Battery_MonitorUITestsLaunchTests.swift in Sources */ = {isa = PBXBuildFile; fileRef = C28BA8E929FAE97600DF3B57 /* Battery_MonitorUITestsLaunchTests.swift */; };
/* End PBXBuildFile section */

/* Begin PBXContainerItemProxy section */
		C28BA8DA29FAE97600DF3B57 /* PBXContainerItemProxy */ = {
			isa = PBXContainerItemProxy;
			containerPortal = C28BA8C129FAE97100DF3B57 /* Project object */;
			proxyType = 1;
			remoteGlobalIDString = C28BA8C829FAE97100DF3B57;
			remoteInfo = "Battery Monitor";
		};
		C28BA8E429FAE97600DF3B57 /* PBXContainerItemProxy */ = {
			isa = PBXContainerItemProxy;
			containerPortal = C28BA8C129FAE97100DF3B57 /* Project object */;
			proxyType = 1;
			remoteGlobalIDString = C28BA8C829FAE97100DF3B57;
			remoteInfo = "Battery Monitor";
		};
/* End PBXContainerItemProxy section */

/* Begin PBXFileReference section */
		C28BA8C929FAE97100DF3B57 /* Battery Monitor.app */ = {isa = PBXFileReference; explicitFileType = wrapper.application; includeInIndex = 0; path = "Battery Monitor.app"; sourceTree = BUILT_PRODUCTS_DIR; };
		C28BA8CC29FAE97100DF3B57 /* Battery_MonitorApp.swift */ = {isa = PBXFileReference; lastKnownFileType = sourcecode.swift; path = Battery_MonitorApp.swift; sourceTree = "<group>"; };
		C28BA8CE29FAE97100DF3B57 /* ContentView.swift */ = {isa = PBXFileReference; lastKnownFileType = sourcecode.swift; path = ContentView.swift; sourceTree = "<group>"; };
		C28BA8D029FAE97500DF3B57 /* Assets.xcassets */ = {isa = PBXFileReference; lastKnownFileType = folder.assetcatalog; path = Assets.xcassets; sourceTree = "<group>"; };
		C28BA8D329FAE97500DF3B57 /* Preview Assets.xcassets */ = {isa = PBXFileReference; lastKnownFileType = folder.assetcatalog; path = "Preview Assets.xcassets"; sourceTree = "<group>"; };
		C28BA8D929FAE97600DF3B57 /* Battery MonitorTests.xctest */ = {isa = PBXFileReference; explicitFileType = wrapper.cfbundle; includeInIndex = 0; path = "Battery MonitorTests.xctest"; sourceTree = BUILT_PRODUCTS_DIR; };
		C28BA8DD29FAE97600DF3B57 /* Battery_MonitorTests.swift */ = {isa = PBXFileReference; lastKnownFileType = sourcecode.swift; path = Battery_MonitorTests.swift; sourceTree = "<group>"; };
		C28BA8E329FAE97600DF3B57 /* Battery MonitorUITests.xctest */ = {isa = PBXFileReference; explicitFileType = wrapper.cfbundle; includeInIndex = 0; path = "Battery MonitorUITests.xctest"; sourceTree = BUILT_PRODUCTS_DIR; };
		C28BA8E729FAE97600DF3B57 /* Battery_MonitorUITests.swift */ = {isa = PBXFileReference; lastKnownFileType = sourcecode.swift; path = Battery_MonitorUITests.swift; sourceTree = "<group>"; };
		C28BA8E929FAE97600DF3B57 /* Battery_MonitorUITestsLaunchTests.swift */ = {isa = PBXFileReference; lastKnownFileType = sourcecode.swift; path = Battery_MonitorUITestsLaunchTests.swift; sourceTree = "<group>"; };
/* End PBXFileReference section */

/* Begin PBXFrameworksBuildPhase section */
		C28BA8C629FAE97100DF3B57 /* Frameworks */ = {
			isa = PBXFrameworksBuildPhase;
			buildActionMask = 2147483647;
			files = (
			);
			runOnlyForDeploymentPostprocessing = 0;
		};
		C28BA8D629FAE97600DF3B57 /* Frameworks */ = {
			isa = PBXFrameworksBuildPhase;
			buildActionMask = 2147483647;
			files = (
			);
			runOnlyForDeploymentPostprocessing = 0;
		};
		C28BA8E029FAE97600DF3B57 /* Frameworks */ = {
			isa = PBXFrameworksBuildPhase;
			buildActionMask = 2147483647;
			files = (
			);
			runOnlyForDeploymentPostprocessing = 0;
		};
/* End PBXFrameworksBuildPhase section */

/* Begin PBXGroup section */
		C28BA8C029FAE97100DF3B57 = {
			isa = PBXGroup;
			children = (
				C28BA8CB29FAE97100DF3B57 /* Battery Monitor */,
				C28BA8DC29FAE97600DF3B57 /* Battery MonitorTests */,
				C28BA8E629FAE97600DF3B57 /* Battery MonitorUITests */,
				C28BA8CA29FAE97100DF3B57 /* Products */,
			);
			sourceTree = "<group>";
		};
		C28BA8CA29FAE97100DF3B57 /* Products */ = {
			isa = PBXGroup;
			children = (
				C28BA8C929FAE97100DF3B57 /* Battery Monitor.app */,
				C28BA8D929FAE97600DF3B57 /* Battery MonitorTests.xctest */,
				C28BA8E329FAE97600DF3B57 /* Battery MonitorUITests.xctest */,
			);
			name = Products;
			sourceTree = "<group>";
		};
		C28BA8CB29FAE97100DF3B57 /* Battery Monitor */ = {
			isa = PBXGroup;
			children = (
				C28BA8CC29FAE97100DF3B57 /* Battery_MonitorApp.swift */,
				C28BA8CE29FAE97100DF3B57 /* ContentView.swift */,
				C28BA8D029FAE97500DF3B57 /* Assets.xcassets */,
				C28BA8D229FAE97500DF3B57 /* Preview Content */,
			);
			path = "Battery Monitor";
			sourceTree = "<group>";
		};
		C28BA8D229FAE97500DF3B57 /* Preview Content */ = {
			isa = PBXGroup;
			children = (
				C28BA8D329FAE97500DF3B57 /* Preview Assets.xcassets */,
			);
			path = "Preview Content";
			sourceTree = "<group>";
		};
		C28BA8DC29FAE97600DF3B57 /* Battery MonitorTests */ = {
			isa = PBXGroup;
			children = (
				C28BA8DD29FAE97600DF3B57 /* Battery_MonitorTests.swift */,
			);
			path = "Battery MonitorTests";
			sourceTree = "<group>";
		};
		C28BA8E629FAE97600DF3B57 /* Battery MonitorUITests */ = {
			isa = PBXGroup;
			children = (
				C28BA8E729FAE97600DF3B57 /* Battery_MonitorUITests.swift */,
				C28BA8E929FAE97600DF3B57 /* Battery_MonitorUITestsLaunchTests.swift */,
			);
			path = "Battery MonitorUITests";
			sourceTree = "<group>";
		};
/* End PBXGroup section */

/* Begin PBXNativeTarget section */
		C28BA8C829FAE97100DF3B57 /* Battery Monitor */ = {
			isa = PBXNativeTarget;
			buildConfigurationList = C28BA8ED29FAE97600DF3B57 /* Build configuration list for PBXNativeTarget "Battery Monitor" */;
			buildPhases = (
				C28BA8C529FAE97100DF3B57 /* Sources */,
				C28BA8C629FAE97100DF3B57 /* Frameworks */,
				C28BA8C729FAE97100DF3B57 /* Resources */,
			);
			buildRules = (
			);
			dependencies = (
			);
			name = "Battery Monitor";
			productName = "Battery Monitor";
			productReference = C28BA8C929FAE97100DF3B57 /* Battery Monitor.app */;
			productType = "com.apple.product-type.application";
		};
		C28BA8D829FAE97600DF3B57 /* Battery MonitorTests */ = {
			isa = PBXNativeTarget;
			buildConfigurationList = C28BA8F029FAE97600DF3B57 /* Build configuration list for PBXNativeTarget "Battery MonitorTests" */;
			buildPhases = (
				C28BA8D529FAE97600DF3B57 /* Sources */,
				C28BA8D629FAE97600DF3B57 /* Frameworks */,
				C28BA8D729FAE97600DF3B57 /* Resources */,
			);
			buildRules = (
			);
			dependencies = (
				C28BA8DB29FAE97600DF3B57 /* PBXTargetDependency */,
			);
			name = "Battery MonitorTests";
			productName = "Battery MonitorTests";
			productReference = C28BA8D929FAE97600DF3B57 /* Battery MonitorTests.xctest */;
			productType = "com.apple.product-type.bundle.unit-test";
		};
		C28BA8E229FAE97600DF3B57 /* Battery MonitorUITests */ = {
			isa = PBXNativeTarget;
			buildConfigurationList = C28BA8F329FAE97600DF3B57 /* Build configuration list for PBXNativeTarget "Battery MonitorUITests" */;
			buildPhases = (
				C28BA8DF29FAE97600DF3B57 /* Sources */,
				C28BA8E029FAE97600DF3B57 /* Frameworks */,
				C28BA8E129FAE97600DF3B57 /* Resources */,
			);
			buildRules = (
			);
			dependencies = (
				C28BA8E529FAE97600DF3B57 /* PBXTargetDependency */,
			);
			name = "Battery MonitorUITests";
			productName = "Battery MonitorUITests";
			productReference = C28BA8E329FAE97600DF3B57 /* Battery MonitorUITests.xctest */;
			productType = "com.apple.product-type.bundle.ui-testing";
		};
/* End PBXNativeTarget section */

/* Begin PBXProject section */
		C28BA8C129FAE97100DF3B57 /* Project object */ = {
			isa = PBXProject;
			attributes = {
				BuildIndependentTargetsInParallel = 1;
				LastSwiftUpdateCheck = 1420;
				LastUpgradeCheck = 1420;
				TargetAttributes = {
					C28BA8C829FAE97100DF3B57 = {
						CreatedOnToolsVersion = 14.2;
					};
					C28BA8D829FAE97600DF3B57 = {
						CreatedOnToolsVersion = 14.2;
						TestTargetID = C28BA8C829FAE97100DF3B57;
					};
					C28BA8E229FAE97600DF3B57 = {
						CreatedOnToolsVersion = 14.2;
						TestTargetID = C28BA8C829FAE97100DF3B57;
					};
				};
			};
			buildConfigurationList = C28BA8C429FAE97100DF3B57 /* Build configuration list for PBXProject "Battery Monitor" */;
			compatibilityVersion = "Xcode 14.0";
			developmentRegion = en;
			hasScannedForEncodings = 0;
			knownRegions = (
				en,
				Base,
			);
			mainGroup = C28BA8C029FAE97100DF3B57;
			productRefGroup = C28BA8CA29FAE97100DF3B57 /* Products */;
			projectDirPath = "";
			projectRoot = "";
			targets = (
				C28BA8C829FAE97100DF3B57 /* Battery Monitor */,
				C28BA8D829FAE97600DF3B57 /* Battery MonitorTests */,
				C28BA8E229FAE97600DF3B57 /* Battery MonitorUITests */,
			);
		};
/* End PBXProject section */

/* Begin PBXResourcesBuildPhase section */
		C28BA8C729FAE97100DF3B57 /* Resources */ = {
			isa = PBXResourcesBuildPhase;
			buildActionMask = 2147483647;
			files = (
				C28BA8D429FAE97500DF3B57 /* Preview Assets.xcassets in Resources */,
				C28BA8D129FAE97500DF3B57 /* Assets.xcassets in Resources */,
			);
			runOnlyForDeploymentPostprocessing = 0;
		};
		C28BA8D729FAE97600DF3B57 /* Resources */ = {
			isa = PBXResourcesBuildPhase;
			buildActionMask = 2147483647;
			files = (
			);
			runOnlyForDeploymentPostprocessing = 0;
		};
		C28BA8E129FAE97600DF3B57 /* Resources */ = {
			isa = PBXResourcesBuildPhase;
			buildActionMask = 2147483647;
			files = (
			);
			runOnlyForDeploymentPostprocessing = 0;
		};
/* End PBXResourcesBuildPhase section */

/* Begin PBXSourcesBuildPhase section */
		C28BA8C529FAE97100DF3B57 /* Sources */ = {
			isa = PBXSourcesBuildPhase;
			buildActionMask = 2147483647;
			files = (
				C28BA8CF29FAE97100DF3B57 /* ContentView.swift in Sources */,
				C28BA8CD29FAE97100DF3B57 /* Battery_MonitorApp.swift in Sources */,
			);
			runOnlyForDeploymentPostprocessing = 0;
		};
		C28BA8D529FAE97600DF3B57 /* Sources */ = {
			isa = PBXSourcesBuildPhase;
			buildActionMask = 2147483647;
			files = (
				C28BA8DE29FAE97600DF3B57 /* Battery_MonitorTests.swift in Sources */,
			);
			runOnlyForDeploymentPostprocessing = 0;
		};
		C28BA8DF29FAE97600DF3B57 /* Sources */ = {
			isa = PBXSourcesBuildPhase;
			buildActionMask = 2147483647;
			files = (
				C28BA8E829FAE97600DF3B57 /* Battery_MonitorUITests.swift in Sources */,
				C28BA8EA29FAE97600DF3B57 /* Battery_MonitorUITestsLaunchTests.swift in Sources */,
			);
			runOnlyForDeploymentPostprocessing = 0;
		};
/* End PBXSourcesBuildPhase section */

/* Begin PBXTargetDependency section */
		C28BA8DB29FAE97600DF3B57 /* PBXTargetDependency */ = {
			isa = PBXTargetDependency;
			target = C28BA8C829FAE97100DF3B57 /* Battery Monitor */;
			targetProxy = C28BA8DA29FAE97600DF3B57 /* PBXContainerItemProxy */;
		};
		C28BA8E529FAE97600DF3B57 /* PBXTargetDependency */ = {
			isa = PBXTargetDependency;
			target = C28BA8C829FAE97100DF3B57 /* Battery Monitor */;
			targetProxy = C28BA8E429FAE97600DF3B57 /* PBXContainerItemProxy */;
		};
/* End PBXTargetDependency section */

/* Begin XCBuildConfiguration section */
		C28BA8EB29FAE97600DF3B57 /* Debug */ = {
			isa = XCBuildConfiguration;
			buildSettings = {
				ALWAYS_SEARCH_USER_PATHS = NO;
				CLANG_ANALYZER_NONNULL = YES;
				CLANG_ANALYZER_NUMBER_OBJECT_CONVERSION = YES_AGGRESSIVE;
				CLANG_CXX_LANGUAGE_STANDARD = "gnu++20";
				CLANG_ENABLE_MODULES = YES;
				CLANG_ENABLE_OBJC_ARC = YES;
				CLANG_ENABLE_OBJC_WEAK = YES;
				CLANG_WARN_BLOCK_CAPTURE_AUTORELEASING = YES;
				CLANG_WARN_BOOL_CONVERSION = YES;
				CLANG_WARN_COMMA = YES;
				CLANG_WARN_CONSTANT_CONVERSION = YES;
				CLANG_WARN_DEPRECATED_OBJC_IMPLEMENTATIONS = YES;
				CLANG_WARN_DIRECT_OBJC_ISA_USAGE = YES_ERROR;
				CLANG_WARN_DOCUMENTATION_COMMENTS = YES;
				CLANG_WARN_EMPTY_BODY = YES;
				CLANG_WARN_ENUM_CONVERSION = YES;
				CLANG_WARN_INFINITE_RECURSION = YES;
				CLANG_WARN_INT_CONVERSION = YES;
				CLANG_WARN_NON_LITERAL_NULL_CONVERSION = YES;
				CLANG_WARN_OBJC_IMPLICIT_RETAIN_SELF = YES;
				CLANG_WARN_OBJC_LITERAL_CONVERSION = YES;
				CLANG_WARN_OBJC_ROOT_CLASS = YES_ERROR;
				CLANG_WARN_QUOTED_INCLUDE_IN_FRAMEWORK_HEADER = YES;
				CLANG_WARN_RANGE_LOOP_ANALYSIS = YES;
				CLANG_WARN_STRICT_PROTOTYPES = YES;
				CLANG_WARN_SUSPICIOUS_MOVE = YES;
				CLANG_WARN_UNGUARDED_AVAILABILITY = YES_AGGRESSIVE;
				CLANG_WARN_UNREACHABLE_CODE = YES;
				CLANG_WARN__DUPLICATE_METHOD_MATCH = YES;
				COPY_PHASE_STRIP = NO;
				DEBUG_INFORMATION_FORMAT = dwarf;
				ENABLE_STRICT_OBJC_MSGSEND = YES;
				ENABLE_TESTABILITY = YES;
				GCC_C_LANGUAGE_STANDARD = gnu11;
				GCC_DYNAMIC_NO_PIC = NO;
				GCC_NO_COMMON_BLOCKS = YES;
				GCC_OPTIMIZATION_LEVEL = 0;
				GCC_PREPROCESSOR_DEFINITIONS = (
					"DEBUG=1",
					"$(inherited)",
				);
				GCC_WARN_64_TO_32_BIT_CONVERSION = YES;
				GCC_WARN_ABOUT_RETURN_TYPE = YES_ERROR;
				GCC_WARN_UNDECLARED_SELECTOR = YES;
				GCC_WARN_UNINITIALIZED_AUTOS = YES_AGGRESSIVE;
				GCC_WARN_UNUSED_FUNCTION = YES;
				GCC_WARN_UNUSED_VARIABLE = YES;
				IPHONEOS_DEPLOYMENT_TARGET = 16.2;
				MTL_ENABLE_DEBUG_INFO = INCLUDE_SOURCE;
				MTL_FAST_MATH = YES;
				ONLY_ACTIVE_ARCH = YES;
				SDKROOT = iphoneos;
				SWIFT_ACTIVE_COMPILATION_CONDITIONS = DEBUG;
				SWIFT_OPTIMIZATION_LEVEL = "-Onone";
			};
			name = Debug;
		};
		C28BA8EC29FAE97600DF3B57 /* Release */ = {
			isa = XCBuildConfiguration;
			buildSettings = {
				ALWAYS_SEARCH_USER_PATHS = NO;
				CLANG_ANALYZER_NONNULL = YES;
				CLANG_ANALYZER_NUMBER_OBJECT_CONVERSION = YES_AGGRESSIVE;
				CLANG_CXX_LANGUAGE_STANDARD = "gnu++20";
				CLANG_ENABLE_MODULES = YES;
				CLANG_ENABLE_OBJC_ARC = YES;
				CLANG_ENABLE_OBJC_WEAK = YES;
				CLANG_WARN_BLOCK_CAPTURE_AUTORELEASING = YES;
				CLANG_WARN_BOOL_CONVERSION = YES;
				CLANG_WARN_COMMA = YES;
				CLANG_WARN_CONSTANT_CONVERSION = YES;
				CLANG_WARN_DEPRECATED_OBJC_IMPLEMENTATIONS = YES;
				CLANG_WARN_DIRECT_OBJC_ISA_USAGE = YES_ERROR;
				CLANG_WARN_DOCUMENTATION_COMMENTS = YES;
				CLANG_WARN_EMPTY_BODY = YES;
				CLANG_WARN_ENUM_CONVERSION = YES;
				CLANG_WARN_INFINITE_RECURSION = YES;
				CLANG_WARN_INT_CONVERSION = YES;
				CLANG_WARN_NON_LITERAL_NULL_CONVERSION = YES;
				CLANG_WARN_OBJC_IMPLICIT_RETAIN_SELF = YES;
				CLANG_WARN_OBJC_LITERAL_CONVERSION = YES;
				CLANG_WARN_OBJC_ROOT_CLASS = YES_ERROR;
				CLANG_WARN_QUOTED_INCLUDE_IN_FRAMEWORK_HEADER = YES;
				CLANG_WARN_RANGE_LOOP_ANALYSIS = YES;
				CLANG_WARN_STRICT_PROTOTYPES = YES;
				CLANG_WARN_SUSPICIOUS_MOVE = YES;
				CLANG_WARN_UNGUARDED_AVAILABILITY = YES_AGGRESSIVE;
				CLANG_WARN_UNREACHABLE_CODE = YES;
				CLANG_WARN__DUPLICATE_METHOD_MATCH = YES;
				COPY_PHASE_STRIP = NO;
				DEBUG_INFORMATION_FORMAT = "dwarf-with-dsym";
				ENABLE_NS_ASSERTIONS = NO;
				ENABLE_STRICT_OBJC_MSGSEND = YES;
				GCC_C_LANGUAGE_STANDARD = gnu11;
				GCC_NO_COMMON_BLOCKS = YES;
				GCC_WARN_64_TO_32_BIT_CONVERSION = YES;
				GCC_WARN_ABOUT_RETURN_TYPE = YES_ERROR;
				GCC_WARN_UNDECLARED_SELECTOR = YES;
				GCC_WARN_UNINITIALIZED_AUTOS = YES_AGGRESSIVE;
				GCC_WARN_UNUSED_FUNCTION = YES;
				GCC_WARN_UNUSED_VARIABLE = YES;
				IPHONEOS_DEPLOYMENT_TARGET = 16.2;
				MTL_ENABLE_DEBUG_INFO = NO;
				MTL_FAST_MATH = YES;
				SDKROOT = iphoneos;
				SWIFT_COMPILATION_MODE = wholemodule;
				SWIFT_OPTIMIZATION_LEVEL = "-O";
				VALIDATE_PRODUCT = YES;
			};
			name = Release;
		};
		C28BA8EE29FAE97600DF3B57 /* Debug */ = {
			isa = XCBuildConfiguration;
			buildSettings = {
				ASSETCATALOG_COMPILER_APPICON_NAME = AppIcon;
				ASSETCATALOG_COMPILER_GLOBAL_ACCENT_COLOR_NAME = AccentColor;
				CODE_SIGN_STYLE = Automatic;
				CURRENT_PROJECT_VERSION = 1;
				DEVELOPMENT_ASSET_PATHS = "\"Battery Monitor/Preview Content\"";
				DEVELOPMENT_TEAM = T6XWAR3GT9;
				ENABLE_PREVIEWS = YES;
				GENERATE_INFOPLIST_FILE = YES;
				INFOPLIST_KEY_UIApplicationSceneManifest_Generation = YES;
				INFOPLIST_KEY_UIApplicationSupportsIndirectInputEvents = YES;
				INFOPLIST_KEY_UILaunchScreen_Generation = YES;
				INFOPLIST_KEY_UISupportedInterfaceOrientations_iPad = "UIInterfaceOrientationPortrait UIInterfaceOrientationPortraitUpsideDown UIInterfaceOrientationLandscapeLeft UIInterfaceOrientationLandscapeRight";
				INFOPLIST_KEY_UISupportedInterfaceOrientations_iPhone = "UIInterfaceOrientationPortrait UIInterfaceOrientationLandscapeLeft UIInterfaceOrientationLandscapeRight";
				LD_RUNPATH_SEARCH_PATHS = (
					"$(inherited)",
					"@executable_path/Frameworks",
				);
				MARKETING_VERSION = 1.0;
				PRODUCT_BUNDLE_IDENTIFIER = "net.rfinc.Battery-Monitor";
				PRODUCT_NAME = "$(TARGET_NAME)";
				SWIFT_EMIT_LOC_STRINGS = YES;
				SWIFT_VERSION = 5.0;
				TARGETED_DEVICE_FAMILY = "1,2";
			};
			name = Debug;
		};
		C28BA8EF29FAE97600DF3B57 /* Release */ = {
			isa = XCBuildConfiguration;
			buildSettings = {
				ASSETCATALOG_COMPILER_APPICON_NAME = AppIcon;
				ASSETCATALOG_COMPILER_GLOBAL_ACCENT_COLOR_NAME = AccentColor;
				CODE_SIGN_STYLE = Automatic;
				CURRENT_PROJECT_VERSION = 1;
				DEVELOPMENT_ASSET_PATHS = "\"Battery Monitor/Preview Content\"";
				DEVELOPMENT_TEAM = T6XWAR3GT9;
				ENABLE_PREVIEWS = YES;
				GENERATE_INFOPLIST_FILE = YES;
				INFOPLIST_KEY_UIApplicationSceneManifest_Generation = YES;
				INFOPLIST_KEY_UIApplicationSupportsIndirectInputEvents = YES;
				INFOPLIST_KEY_UILaunchScreen_Generation = YES;
				INFOPLIST_KEY_UISupportedInterfaceOrientations_iPad = "UIInterfaceOrientationPortrait UIInterfaceOrientationPortraitUpsideDown UIInterfaceOrientationLandscapeLeft UIInterfaceOrientationLandscapeRight";
				INFOPLIST_KEY_UISupportedInterfaceOrientations_iPhone = "UIInterfaceOrientationPortrait UIInterfaceOrientationLandscapeLeft UIInterfaceOrientationLandscapeRight";
				LD_RUNPATH_SEARCH_PATHS = (
					"$(inherited)",
					"@executable_path/Frameworks",
				);
				MARKETING_VERSION = 1.0;
				PRODUCT_BUNDLE_IDENTIFIER = "net.rfinc.Battery-Monitor";
				PRODUCT_NAME = "$(TARGET_NAME)";
				SWIFT_EMIT_LOC_STRINGS = YES;
				SWIFT_VERSION = 5.0;
				TARGETED_DEVICE_FAMILY = "1,2";
			};
			name = Release;
		};
		C28BA8F129FAE97600DF3B57 /* Debug */ = {
			isa = XCBuildConfiguration;
			buildSettings = {
				ALWAYS_EMBED_SWIFT_STANDARD_LIBRARIES = YES;
				BUNDLE_LOADER = "$(TEST_HOST)";
				CODE_SIGN_STYLE = Automatic;
				CURRENT_PROJECT_VERSION = 1;
				DEVELOPMENT_TEAM = T6XWAR3GT9;
				GENERATE_INFOPLIST_FILE = YES;
				IPHONEOS_DEPLOYMENT_TARGET = 16.2;
				MARKETING_VERSION = 1.0;
				PRODUCT_BUNDLE_IDENTIFIER = "net.rfinc.Battery-MonitorTests";
				PRODUCT_NAME = "$(TARGET_NAME)";
				SWIFT_EMIT_LOC_STRINGS = NO;
				SWIFT_VERSION = 5.0;
				TARGETED_DEVICE_FAMILY = "1,2";
				TEST_HOST = "$(BUILT_PRODUCTS_DIR)/Battery Monitor.app/$(BUNDLE_EXECUTABLE_FOLDER_PATH)/Battery Monitor";
			};
			name = Debug;
		};
		C28BA8F229FAE97600DF3B57 /* Release */ = {
			isa = XCBuildConfiguration;
			buildSettings = {
				ALWAYS_EMBED_SWIFT_STANDARD_LIBRARIES = YES;
				BUNDLE_LOADER = "$(TEST_HOST)";
				CODE_SIGN_STYLE = Automatic;
				CURRENT_PROJECT_VERSION = 1;
				DEVELOPMENT_TEAM = T6XWAR3GT9;
				GENERATE_INFOPLIST_FILE = YES;
				IPHONEOS_DEPLOYMENT_TARGET = 16.2;
				MARKETING_VERSION = 1.0;
				PRODUCT_BUNDLE_IDENTIFIER = "net.rfinc.Battery-MonitorTests";
				PRODUCT_NAME = "$(TARGET_NAME)";
				SWIFT_EMIT_LOC_STRINGS = NO;
				SWIFT_VERSION = 5.0;
				TARGETED_DEVICE_FAMILY = "1,2";
				TEST_HOST = "$(BUILT_PRODUCTS_DIR)/Battery Monitor.app/$(BUNDLE_EXECUTABLE_FOLDER_PATH)/Battery Monitor";
			};
			name = Release;
		};
		C28BA8F429FAE97600DF3B57 /* Debug */ = {
			isa = XCBuildConfiguration;
			buildSettings = {
				ALWAYS_EMBED_SWIFT_STANDARD_LIBRARIES = YES;
				CODE_SIGN_STYLE = Automatic;
				CURRENT_PROJECT_VERSION = 1;
				DEVELOPMENT_TEAM = T6XWAR3GT9;
				GENERATE_INFOPLIST_FILE = YES;
				MARKETING_VERSION = 1.0;
				PRODUCT_BUNDLE_IDENTIFIER = "net.rfinc.Battery-MonitorUITests";
				PRODUCT_NAME = "$(TARGET_NAME)";
				SWIFT_EMIT_LOC_STRINGS = NO;
				SWIFT_VERSION = 5.0;
				TARGETED_DEVICE_FAMILY = "1,2";
				TEST_TARGET_NAME = "Battery Monitor";
			};
			name = Debug;
		};
		C28BA8F529FAE97600DF3B57 /* Release */ = {
			isa = XCBuildConfiguration;
			buildSettings = {
				ALWAYS_EMBED_SWIFT_STANDARD_LIBRARIES = YES;
				CODE_SIGN_STYLE = Automatic;
				CURRENT_PROJECT_VERSION = 1;
				DEVELOPMENT_TEAM = T6XWAR3GT9;
				GENERATE_INFOPLIST_FILE = YES;
				MARKETING_VERSION = 1.0;
				PRODUCT_BUNDLE_IDENTIFIER = "net.rfinc.Battery-MonitorUITests";
				PRODUCT_NAME = "$(TARGET_NAME)";
				SWIFT_EMIT_LOC_STRINGS = NO;
				SWIFT_VERSION = 5.0;
				TARGETED_DEVICE_FAMILY = "1,2";
				TEST_TARGET_NAME = "Battery Monitor";
			};
			name = Release;
		};
/* End XCBuildConfiguration section */

/* Begin XCConfigurationList section */
		C28BA8C429FAE97100DF3B57 /* Build configuration list for PBXProject "Battery Monitor" */ = {
			isa = XCConfigurationList;
			buildConfigurations = (
				C28BA8EB29FAE97600DF3B57 /* Debug */,
				C28BA8EC29FAE97600DF3B57 /* Release */,
			);
			defaultConfigurationIsVisible = 0;
			defaultConfigurationName = Release;
		};
		C28BA8ED29FAE97600DF3B57 /* Build configuration list for PBXNativeTarget "Battery Monitor" */ = {
			isa = XCConfigurationList;
			buildConfigurations = (
				C28BA8EE29FAE97600DF3B57 /* Debug */,
				C28BA8EF29FAE97600DF3B57 /* Release */,
			);
			defaultConfigurationIsVisible = 0;
			defaultConfigurationName = Release;
		};
		C28BA8F029FAE97600DF3B57 /* Build configuration list for PBXNativeTarget "Battery MonitorTests" */ = {
			isa = XCConfigurationList;
			buildConfigurations = (
				C28BA8F129FAE97600DF3B57 /* Debug */,
				C28BA8F229FAE97600DF3B57 /* Release */,
			);
			defaultConfigurationIsVisible = 0;
			defaultConfigurationName = Release;
		};
		C28BA8F329FAE97600DF3B57 /* Build configuration list for PBXNativeTarget "Battery MonitorUITests" */ = {
			isa = XCConfigurationList;
			buildConfigurations = (
				C28BA8F429FAE97600DF3B57 /* Debug */,
				C28BA8F529FAE97600DF3B57 /* Release */,
			);
			defaultConfigurationIsVisible = 0;
			defaultConfigurationName = Release;
		};
/* End XCConfigurationList section */
	};
	rootObject = C28BA8C129FAE97100DF3B57 /* Project object */;
}
